
Microsoft Visual Studio Solution File, Format Version 12.00
# Visual Studio Version 17
VisualStudioVersion = 17.5.33424.131
MinimumVisualStudioVersion = 10.0.40219.1
Project("{9A19103F-16F7-4668-BE54-9A1E7A4F7556}") = "Disaheim2", "Disaheim2\Disaheim2.csproj", "{C9665330-E8E5-453C-BB97-560C87BF7867}"
EndProject
Project("{FAE04EC0-301F-11D3-BF4B-00C04F79EFBC}") = "DisaheimTest", "DisaheimTest\DisaheimTest.csproj", "{31657402-9B08-4D94-8A6A-C31F2225FC45}"
EndProject
Global
	GlobalSection(SolutionConfigurationPlatforms) = preSolution
		Debug|Any CPU = Debug|Any CPU
		Release|Any CPU = Release|Any CPU
	EndGlobalSection
	GlobalSection(ProjectConfigurationPlatforms) = postSolution
		{C9665330-E8E5-453C-BB97-560C87BF7867}.Debug|Any CPU.ActiveCfg = Debug|Any CPU
		{C9665330-E8E5-453C-BB97-560C87BF7867}.Debug|Any CPU.Build.0 = Debug|Any CPU
		{C9665330-E8E5-453C-BB97-560C87BF7867}.Release|Any CPU.ActiveCfg = Release|Any CPU
		{C9665330-E8E5-453C-BB97-560C87BF7867}.Release|Any CPU.Build.0 = Release|Any CPU
		{31657402-9B08-4D94-8A6A-C31F2225FC45}.Debug|Any CPU.ActiveCfg = Debug|Any CPU
		{31657402-9B08-4D94-8A6A-C31F2225FC45}.Debug|Any CPU.Build.0 = Debug|Any CPU
		{31657402-9B08-4D94-8A6A-C31F2225FC45}.Release|Any CPU.ActiveCfg = Release|Any CPU
		{31657402-9B08-4D94-8A6A-C31F2225FC45}.Release|Any CPU.Build.0 = Release|Any CPU
	EndGlobalSection
	GlobalSection(SolutionProperties) = preSolution
		HideSolutionNode = FALSE
	EndGlobalSection
	GlobalSection(ExtensibilityGlobals) = postSolution
		SolutionGuid = {8216F13F-1B5A-4A60-BF04-BBDCC1879735}
	EndGlobalSection
EndGlobal
